
Microsoft Visual Studio Solution File, Format Version 12.00
# Visual Studio Version 16
VisualStudioVersion = 16.0.32413.511
MinimumVisualStudioVersion = 10.0.40219.1
Project("{FAE04EC0-301F-11D3-BF4B-00C04F79EFBC}") = "Validate Binary Search Tree- Recursive easy", "Validate Binary Search Tree- Recursive easy\Validate Binary Search Tree- Recursive easy.csproj", "{31A7FA54-7A8A-4FA8-847D-81E50054C0DF}"
EndProject
Global
	GlobalSection(SolutionConfigurationPlatforms) = preSolution
		Debug|Any CPU = Debug|Any CPU
		Release|Any CPU = Release|Any CPU
	EndGlobalSection
	GlobalSection(ProjectConfigurationPlatforms) = postSolution
		{31A7FA54-7A8A-4FA8-847D-81E50054C0DF}.Debug|Any CPU.ActiveCfg = Debug|Any CPU
		{31A7FA54-7A8A-4FA8-847D-81E50054C0DF}.Debug|Any CPU.Build.0 = Debug|Any CPU
		{31A7FA54-7A8A-4FA8-847D-81E50054C0DF}.Release|Any CPU.ActiveCfg = Release|Any CPU
		{31A7FA54-7A8A-4FA8-847D-81E50054C0DF}.Release|Any CPU.Build.0 = Release|Any CPU
	EndGlobalSection
	GlobalSection(SolutionProperties) = preSolution
		HideSolutionNode = FALSE
	EndGlobalSection
	GlobalSection(ExtensibilityGlobals) = postSolution
		SolutionGuid = {1AC89F8C-FA35-4A89-964B-D1BE33D4C4D6}
	EndGlobalSection
EndGlobal
